
Microsoft Visual Studio Solution File, Format Version 12.00
# Visual Studio 15
VisualStudioVersion = 15.0.28010.2019
MinimumVisualStudioVersion = 10.0.40219.1
Project("{9A19103F-16F7-4668-BE54-9A1E7A4F7556}") = "Vakapay.ApiService", "Vakapay.ApiService\Vakapay.ApiService.csproj", "{0F8CFA16-3691-40AE-B889-76CF23B10D3A}"
EndProject
Project("{2150E333-8FDC-42A3-9474-1A3956D46DE8}") = "SharedProjects", "SharedProjects", "{5CBC2126-CB82-4456-9714-A7E505F9D44D}"
EndProject
Project("{2150E333-8FDC-42A3-9474-1A3956D46DE8}") = "BusinessProjects", "BusinessProjects", "{3AD83376-344D-4C86-A1C9-F1324F4C0541}"
EndProject
Project("{2150E333-8FDC-42A3-9474-1A3956D46DE8}") = "ServiceProjects", "ServiceProjects", "{4E6A4058-F824-4EA9-B00B-F3F801881F0E}"
EndProject
Project("{9A19103F-16F7-4668-BE54-9A1E7A4F7556}") = "Vakapay.Models", "Vakapay.Models\Vakapay.Models.csproj", "{FCD19A58-A3E0-45E6-BA5D-6284238C9D95}"
EndProject
Project("{9A19103F-16F7-4668-BE54-9A1E7A4F7556}") = "Vakapay.SendEthereum", "Vakapay.SendEthereum\Vakapay.SendEthereum.csproj", "{DA575F57-E250-4262-8229-36A75EBE63BA}"
EndProject
Project("{9A19103F-16F7-4668-BE54-9A1E7A4F7556}") = "Vakapay.Repositories", "Vakapay.Repositories\Vakapay.Repositories.csproj", "{5888DF67-C11F-4645-947E-76108649D175}"
EndProject
Project("{9A19103F-16F7-4668-BE54-9A1E7A4F7556}") = "Vakapay.ScanEthereum", "Vakapay.ScanEthereum\Vakapay.ScanEthereum.csproj", "{FAD2C1BE-6386-416D-B696-4E52A610190E}"
EndProject
Project("{9A19103F-16F7-4668-BE54-9A1E7A4F7556}") = "Vakapay.SendBitcoin", "Vakapay.SendBitcoin\Vakapay.SendBitcoin.csproj", "{1855E493-52BD-4A5F-9363-8873CAD13BFB}"
EndProject
Project("{9A19103F-16F7-4668-BE54-9A1E7A4F7556}") = "Vakapay.CreateEthereumAddress", "Vakapay.CreateEthereumAddress\Vakapay.CreateEthereumAddress.csproj", "{3BB5979C-EC2E-49FD-9B7B-F60F3CBD1F28}"
EndProject
Project("{9A19103F-16F7-4668-BE54-9A1E7A4F7556}") = "Vakapay.ScanVakaCoin", "Vakapay.ScanVakaCoin\Vakapay.ScanVakaCoin.csproj", "{5C80AA29-9CF0-46A3-9511-B870BE6A7E07}"
EndProject
Project("{9A19103F-16F7-4668-BE54-9A1E7A4F7556}") = "Vakapay.SendVakacoin", "Vakapay.SendVakacoin\Vakapay.SendVakacoin.csproj", "{416552E3-4954-492F-98C5-F00F465577F1}"
EndProject
Project("{9A19103F-16F7-4668-BE54-9A1E7A4F7556}") = "Vakapay.SendEmail", "Vakapay.SendEmail\Vakapay.SendEmail.csproj", "{67C41FDE-A85D-4A40-A1E0-133A25FD5866}"
EndProject
Project("{9A19103F-16F7-4668-BE54-9A1E7A4F7556}") = "Vakapay.Securities", "Vakapay.Securities\Vakapay.Securities.csproj", "{06084871-1B86-4494-965C-023FC16AC9A0}"
EndProject
Project("{9A19103F-16F7-4668-BE54-9A1E7A4F7556}") = "Vakapay.BitcoinBusiness", "Vakapay.BitcoinBusiness\Vakapay.BitcoinBusiness.csproj", "{DF78D89D-7856-4680-8437-97590F885A30}"
EndProject
Project("{9A19103F-16F7-4668-BE54-9A1E7A4F7556}") = "Vakapay.EthereumBusiness", "Vakapay.EthereumBusiness\Vakapay.EthereumBusiness.csproj", "{2149C669-25B0-41C3-9861-CAC456698F78}"
EndProject
Project("{9A19103F-16F7-4668-BE54-9A1E7A4F7556}") = "Vakapay.VakacoinBusiness", "Vakapay.VakacoinBusiness\Vakapay.VakacoinBusiness.csproj", "{73CF38DC-DB71-461D-BF64-B698D2EDB291}"
EndProject
Project("{9A19103F-16F7-4668-BE54-9A1E7A4F7556}") = "Vakapay.UserBusiness", "Vakapay.UserBusiness\Vakapay.UserBusiness.csproj", "{4D541A7F-83B0-47DC-8F6F-865889A72233}"
EndProject
Project("{9A19103F-16F7-4668-BE54-9A1E7A4F7556}") = "Vakapay.WalletBusiness", "Vakapay.WalletBusiness\Vakapay.WalletBusiness.csproj", "{94CD37D8-6A7E-4027-9F6C-A26C87473C06}"
EndProject
Project("{2150E333-8FDC-42A3-9474-1A3956D46DE8}") = "ClientApp", "ClientApp", "{7056D07E-D790-4698-AA65-CA0F3A4FD02C}"
EndProject
Project("{2150E333-8FDC-42A3-9474-1A3956D46DE8}") = "TestProject", "TestProject", "{6FFCE6C6-04DD-4035-8C54-41EB236E3CBA}"
EndProject
Project("{9A19103F-16F7-4668-BE54-9A1E7A4F7556}") = "Vakapay.TestWallet", "Vakapay.TestWallet\Vakapay.TestWallet.csproj", "{CBF74A96-4C58-49BF-B21C-32BD6FC4A395}"
EndProject
Project("{9A19103F-16F7-4668-BE54-9A1E7A4F7556}") = "Vakapay.Commons", "Vakapay.Commons\Vakapay.Commons.csproj", "{2D719050-9162-407D-81D1-A8D8318CD935}"
EndProject
Project("{9A19103F-16F7-4668-BE54-9A1E7A4F7556}") = "Vakapay.BlockchainBusiness", "Vakapay.BlockchainBusiness\Vakapay.BlockchainBusiness.csproj", "{C4A74298-85C5-4323-89B1-C4F68AE7595C}"
EndProject
Project("{9A19103F-16F7-4668-BE54-9A1E7A4F7556}") = "Vakapay.UnitTest", "Vakapay.UnitTest\Vakapay.UnitTest.csproj", "{746C5A9D-0C25-413B-B88C-7077A2E29186}"
EndProject
Project("{9A19103F-16F7-4668-BE54-9A1E7A4F7556}") = "Vakapay.TestBitcoin", "Vakapay.TestBitcoin\Vakapay.TestBitcoin.csproj", "{AE3BB503-61F4-4BD4-BD39-D742C110250D}"
EndProject
Project("{9A19103F-16F7-4668-BE54-9A1E7A4F7556}") = "Vakaxa.ApiServer", "Vakaxa.ApiServer\Vakaxa.ApiServer.csproj", "{AC4972C0-BA2E-4D91-8FBE-C170EA81CD93}"
EndProject
Project("{9A19103F-16F7-4668-BE54-9A1E7A4F7556}") = "Vakapay.Cryptography", "Vakapay.Cryptography\Vakapay.Cryptography.csproj", "{23125244-E342-493A-8A30-6C745A8558E4}"
EndProject
Project("{2150E333-8FDC-42A3-9474-1A3956D46DE8}") = "BlockchainCoreProjects", "BlockchainCoreProjects", "{FE760325-4B48-45DC-8C6C-B01C2E58489D}"
EndProject
Project("{9A19103F-16F7-4668-BE54-9A1E7A4F7556}") = "Vakapay.BitcoinNotifi", "Vakapay.BitcoinNotifi\Vakapay.BitcoinNotifi.csproj", "{4F4B39E3-07E6-4302-9286-8A491251BDA5}"
EndProject
Project("{9A19103F-16F7-4668-BE54-9A1E7A4F7556}") = "VakaSharp", "VakacoinCore\VakaSharp\VakaSharp.csproj", "{00A04F06-7A30-4D02-864B-2144AFA5F7CF}"
EndProject
Project("{9A19103F-16F7-4668-BE54-9A1E7A4F7556}") = "Vakapay.TestCreateTransaction", "Vakapay.TestCreateTransaction\Vakapay.TestCreateTransaction.csproj", "{087B422B-9943-46A5-906D-E601D7CFFCB3}"
EndProject
Project("{9A19103F-16F7-4668-BE54-9A1E7A4F7556}") = "Vakapay.ScanWallet", "Vakapay.ScanWallet\Vakapay.ScanWallet.csproj", "{E73A9F03-4A95-47CE-88A5-161C3F7F7B5C}"
EndProject
Project("{9A19103F-16F7-4668-BE54-9A1E7A4F7556}") = "Vakapay.SendMailBusiness", "Vakapay.SendMailBusiness\Vakapay.SendMailBusiness.csproj", "{AC6F9B0C-17C2-4318-B586-461CC0DBBFCD}"
EndProject
Project("{9A19103F-16F7-4668-BE54-9A1E7A4F7556}") = "Vakapay.WalletBusiness2", "Vakapay.WalletBusiness2\Vakapay.WalletBusiness2.csproj", "{BBD9FFC0-9344-40FD-BEED-FDBEE665C187}"
EndProject
Project("{FAE04EC0-301F-11D3-BF4B-00C04F79EFBC}") = "Vakapay.TestWalletBuisiness", "Vakapay.TestWalletBuisiness\Vakapay.TestWalletBuisiness.csproj", "{C7C059ED-620B-46D8-BEDA-4F3435B502ED}"
EndProject
Project("{FAE04EC0-301F-11D3-BF4B-00C04F79EFBC}") = "Vakapay.TestTransactionsWithdraw", "Vakapay.TestTransactionsWithdraw\Vakapay.TestTransactionsWithdraw.csproj", "{1CE35A99-0962-4C16-877D-BB4D6C30DBB5}"
EndProject
Global
	GlobalSection(SolutionConfigurationPlatforms) = preSolution
		Debug|Any CPU = Debug|Any CPU
		Release|Any CPU = Release|Any CPU
	EndGlobalSection
	GlobalSection(ProjectConfigurationPlatforms) = postSolution
		{0F8CFA16-3691-40AE-B889-76CF23B10D3A}.Debug|Any CPU.ActiveCfg = Debug|Any CPU
		{0F8CFA16-3691-40AE-B889-76CF23B10D3A}.Debug|Any CPU.Build.0 = Debug|Any CPU
		{0F8CFA16-3691-40AE-B889-76CF23B10D3A}.Release|Any CPU.ActiveCfg = Release|Any CPU
		{0F8CFA16-3691-40AE-B889-76CF23B10D3A}.Release|Any CPU.Build.0 = Release|Any CPU
		{FCD19A58-A3E0-45E6-BA5D-6284238C9D95}.Debug|Any CPU.ActiveCfg = Debug|Any CPU
		{FCD19A58-A3E0-45E6-BA5D-6284238C9D95}.Debug|Any CPU.Build.0 = Debug|Any CPU
		{FCD19A58-A3E0-45E6-BA5D-6284238C9D95}.Release|Any CPU.ActiveCfg = Release|Any CPU
		{FCD19A58-A3E0-45E6-BA5D-6284238C9D95}.Release|Any CPU.Build.0 = Release|Any CPU
		{DA575F57-E250-4262-8229-36A75EBE63BA}.Debug|Any CPU.ActiveCfg = Debug|Any CPU
		{DA575F57-E250-4262-8229-36A75EBE63BA}.Debug|Any CPU.Build.0 = Debug|Any CPU
		{DA575F57-E250-4262-8229-36A75EBE63BA}.Release|Any CPU.ActiveCfg = Release|Any CPU
		{DA575F57-E250-4262-8229-36A75EBE63BA}.Release|Any CPU.Build.0 = Release|Any CPU
		{5888DF67-C11F-4645-947E-76108649D175}.Debug|Any CPU.ActiveCfg = Debug|Any CPU
		{5888DF67-C11F-4645-947E-76108649D175}.Debug|Any CPU.Build.0 = Debug|Any CPU
		{5888DF67-C11F-4645-947E-76108649D175}.Release|Any CPU.ActiveCfg = Release|Any CPU
		{5888DF67-C11F-4645-947E-76108649D175}.Release|Any CPU.Build.0 = Release|Any CPU
		{FAD2C1BE-6386-416D-B696-4E52A610190E}.Debug|Any CPU.ActiveCfg = Debug|Any CPU
		{FAD2C1BE-6386-416D-B696-4E52A610190E}.Debug|Any CPU.Build.0 = Debug|Any CPU
		{FAD2C1BE-6386-416D-B696-4E52A610190E}.Release|Any CPU.ActiveCfg = Release|Any CPU
		{FAD2C1BE-6386-416D-B696-4E52A610190E}.Release|Any CPU.Build.0 = Release|Any CPU
		{1855E493-52BD-4A5F-9363-8873CAD13BFB}.Debug|Any CPU.ActiveCfg = Debug|Any CPU
		{1855E493-52BD-4A5F-9363-8873CAD13BFB}.Debug|Any CPU.Build.0 = Debug|Any CPU
		{1855E493-52BD-4A5F-9363-8873CAD13BFB}.Release|Any CPU.ActiveCfg = Release|Any CPU
		{1855E493-52BD-4A5F-9363-8873CAD13BFB}.Release|Any CPU.Build.0 = Release|Any CPU
		{3BB5979C-EC2E-49FD-9B7B-F60F3CBD1F28}.Debug|Any CPU.ActiveCfg = Debug|Any CPU
		{3BB5979C-EC2E-49FD-9B7B-F60F3CBD1F28}.Debug|Any CPU.Build.0 = Debug|Any CPU
		{3BB5979C-EC2E-49FD-9B7B-F60F3CBD1F28}.Release|Any CPU.ActiveCfg = Release|Any CPU
		{3BB5979C-EC2E-49FD-9B7B-F60F3CBD1F28}.Release|Any CPU.Build.0 = Release|Any CPU
		{5C80AA29-9CF0-46A3-9511-B870BE6A7E07}.Debug|Any CPU.ActiveCfg = Debug|Any CPU
		{5C80AA29-9CF0-46A3-9511-B870BE6A7E07}.Debug|Any CPU.Build.0 = Debug|Any CPU
		{5C80AA29-9CF0-46A3-9511-B870BE6A7E07}.Release|Any CPU.ActiveCfg = Release|Any CPU
		{5C80AA29-9CF0-46A3-9511-B870BE6A7E07}.Release|Any CPU.Build.0 = Release|Any CPU
		{416552E3-4954-492F-98C5-F00F465577F1}.Debug|Any CPU.ActiveCfg = Debug|Any CPU
		{416552E3-4954-492F-98C5-F00F465577F1}.Debug|Any CPU.Build.0 = Debug|Any CPU
		{416552E3-4954-492F-98C5-F00F465577F1}.Release|Any CPU.ActiveCfg = Release|Any CPU
		{416552E3-4954-492F-98C5-F00F465577F1}.Release|Any CPU.Build.0 = Release|Any CPU
		{67C41FDE-A85D-4A40-A1E0-133A25FD5866}.Debug|Any CPU.ActiveCfg = Debug|Any CPU
		{67C41FDE-A85D-4A40-A1E0-133A25FD5866}.Debug|Any CPU.Build.0 = Debug|Any CPU
		{67C41FDE-A85D-4A40-A1E0-133A25FD5866}.Release|Any CPU.ActiveCfg = Release|Any CPU
		{67C41FDE-A85D-4A40-A1E0-133A25FD5866}.Release|Any CPU.Build.0 = Release|Any CPU
		{06084871-1B86-4494-965C-023FC16AC9A0}.Debug|Any CPU.ActiveCfg = Debug|Any CPU
		{06084871-1B86-4494-965C-023FC16AC9A0}.Debug|Any CPU.Build.0 = Debug|Any CPU
		{06084871-1B86-4494-965C-023FC16AC9A0}.Release|Any CPU.ActiveCfg = Release|Any CPU
		{06084871-1B86-4494-965C-023FC16AC9A0}.Release|Any CPU.Build.0 = Release|Any CPU
		{DF78D89D-7856-4680-8437-97590F885A30}.Debug|Any CPU.ActiveCfg = Debug|Any CPU
		{DF78D89D-7856-4680-8437-97590F885A30}.Debug|Any CPU.Build.0 = Debug|Any CPU
		{DF78D89D-7856-4680-8437-97590F885A30}.Release|Any CPU.ActiveCfg = Release|Any CPU
		{DF78D89D-7856-4680-8437-97590F885A30}.Release|Any CPU.Build.0 = Release|Any CPU
		{2149C669-25B0-41C3-9861-CAC456698F78}.Debug|Any CPU.ActiveCfg = Debug|Any CPU
		{2149C669-25B0-41C3-9861-CAC456698F78}.Debug|Any CPU.Build.0 = Debug|Any CPU
		{2149C669-25B0-41C3-9861-CAC456698F78}.Release|Any CPU.ActiveCfg = Release|Any CPU
		{2149C669-25B0-41C3-9861-CAC456698F78}.Release|Any CPU.Build.0 = Release|Any CPU
		{73CF38DC-DB71-461D-BF64-B698D2EDB291}.Debug|Any CPU.ActiveCfg = Debug|Any CPU
		{73CF38DC-DB71-461D-BF64-B698D2EDB291}.Debug|Any CPU.Build.0 = Debug|Any CPU
		{73CF38DC-DB71-461D-BF64-B698D2EDB291}.Release|Any CPU.ActiveCfg = Release|Any CPU
		{73CF38DC-DB71-461D-BF64-B698D2EDB291}.Release|Any CPU.Build.0 = Release|Any CPU
		{4D541A7F-83B0-47DC-8F6F-865889A72233}.Debug|Any CPU.ActiveCfg = Debug|Any CPU
		{4D541A7F-83B0-47DC-8F6F-865889A72233}.Debug|Any CPU.Build.0 = Debug|Any CPU
		{4D541A7F-83B0-47DC-8F6F-865889A72233}.Release|Any CPU.ActiveCfg = Release|Any CPU
		{4D541A7F-83B0-47DC-8F6F-865889A72233}.Release|Any CPU.Build.0 = Release|Any CPU
		{94CD37D8-6A7E-4027-9F6C-A26C87473C06}.Debug|Any CPU.ActiveCfg = Debug|Any CPU
		{94CD37D8-6A7E-4027-9F6C-A26C87473C06}.Debug|Any CPU.Build.0 = Debug|Any CPU
		{94CD37D8-6A7E-4027-9F6C-A26C87473C06}.Release|Any CPU.ActiveCfg = Release|Any CPU
		{94CD37D8-6A7E-4027-9F6C-A26C87473C06}.Release|Any CPU.Build.0 = Release|Any CPU
		{CBF74A96-4C58-49BF-B21C-32BD6FC4A395}.Debug|Any CPU.ActiveCfg = Debug|Any CPU
		{CBF74A96-4C58-49BF-B21C-32BD6FC4A395}.Debug|Any CPU.Build.0 = Debug|Any CPU
		{CBF74A96-4C58-49BF-B21C-32BD6FC4A395}.Release|Any CPU.ActiveCfg = Release|Any CPU
		{CBF74A96-4C58-49BF-B21C-32BD6FC4A395}.Release|Any CPU.Build.0 = Release|Any CPU
		{2D719050-9162-407D-81D1-A8D8318CD935}.Debug|Any CPU.ActiveCfg = Debug|Any CPU
		{2D719050-9162-407D-81D1-A8D8318CD935}.Debug|Any CPU.Build.0 = Debug|Any CPU
		{2D719050-9162-407D-81D1-A8D8318CD935}.Release|Any CPU.ActiveCfg = Release|Any CPU
		{2D719050-9162-407D-81D1-A8D8318CD935}.Release|Any CPU.Build.0 = Release|Any CPU
		{C4A74298-85C5-4323-89B1-C4F68AE7595C}.Debug|Any CPU.ActiveCfg = Debug|Any CPU
		{C4A74298-85C5-4323-89B1-C4F68AE7595C}.Debug|Any CPU.Build.0 = Debug|Any CPU
		{C4A74298-85C5-4323-89B1-C4F68AE7595C}.Release|Any CPU.ActiveCfg = Release|Any CPU
		{C4A74298-85C5-4323-89B1-C4F68AE7595C}.Release|Any CPU.Build.0 = Release|Any CPU
		{746C5A9D-0C25-413B-B88C-7077A2E29186}.Debug|Any CPU.ActiveCfg = Debug|Any CPU
		{746C5A9D-0C25-413B-B88C-7077A2E29186}.Debug|Any CPU.Build.0 = Debug|Any CPU
		{746C5A9D-0C25-413B-B88C-7077A2E29186}.Release|Any CPU.ActiveCfg = Release|Any CPU
		{746C5A9D-0C25-413B-B88C-7077A2E29186}.Release|Any CPU.Build.0 = Release|Any CPU
		{AE3BB503-61F4-4BD4-BD39-D742C110250D}.Debug|Any CPU.ActiveCfg = Debug|Any CPU
		{AE3BB503-61F4-4BD4-BD39-D742C110250D}.Debug|Any CPU.Build.0 = Debug|Any CPU
		{AE3BB503-61F4-4BD4-BD39-D742C110250D}.Release|Any CPU.ActiveCfg = Release|Any CPU
		{AE3BB503-61F4-4BD4-BD39-D742C110250D}.Release|Any CPU.Build.0 = Release|Any CPU
		{AC4972C0-BA2E-4D91-8FBE-C170EA81CD93}.Debug|Any CPU.ActiveCfg = Debug|Any CPU
		{AC4972C0-BA2E-4D91-8FBE-C170EA81CD93}.Debug|Any CPU.Build.0 = Debug|Any CPU
		{AC4972C0-BA2E-4D91-8FBE-C170EA81CD93}.Release|Any CPU.ActiveCfg = Release|Any CPU
		{AC4972C0-BA2E-4D91-8FBE-C170EA81CD93}.Release|Any CPU.Build.0 = Release|Any CPU
		{23125244-E342-493A-8A30-6C745A8558E4}.Debug|Any CPU.ActiveCfg = Debug|Any CPU
		{23125244-E342-493A-8A30-6C745A8558E4}.Debug|Any CPU.Build.0 = Debug|Any CPU
		{23125244-E342-493A-8A30-6C745A8558E4}.Release|Any CPU.ActiveCfg = Release|Any CPU
		{23125244-E342-493A-8A30-6C745A8558E4}.Release|Any CPU.Build.0 = Release|Any CPU
		{4F4B39E3-07E6-4302-9286-8A491251BDA5}.Debug|Any CPU.ActiveCfg = Debug|Any CPU
		{4F4B39E3-07E6-4302-9286-8A491251BDA5}.Debug|Any CPU.Build.0 = Debug|Any CPU
		{4F4B39E3-07E6-4302-9286-8A491251BDA5}.Release|Any CPU.ActiveCfg = Release|Any CPU
		{4F4B39E3-07E6-4302-9286-8A491251BDA5}.Release|Any CPU.Build.0 = Release|Any CPU
		{00A04F06-7A30-4D02-864B-2144AFA5F7CF}.Debug|Any CPU.ActiveCfg = Debug|Any CPU
		{00A04F06-7A30-4D02-864B-2144AFA5F7CF}.Debug|Any CPU.Build.0 = Debug|Any CPU
		{00A04F06-7A30-4D02-864B-2144AFA5F7CF}.Release|Any CPU.ActiveCfg = Release|Any CPU
		{00A04F06-7A30-4D02-864B-2144AFA5F7CF}.Release|Any CPU.Build.0 = Release|Any CPU
		{087B422B-9943-46A5-906D-E601D7CFFCB3}.Debug|Any CPU.ActiveCfg = Debug|Any CPU
		{087B422B-9943-46A5-906D-E601D7CFFCB3}.Debug|Any CPU.Build.0 = Debug|Any CPU
		{087B422B-9943-46A5-906D-E601D7CFFCB3}.Release|Any CPU.ActiveCfg = Release|Any CPU
		{087B422B-9943-46A5-906D-E601D7CFFCB3}.Release|Any CPU.Build.0 = Release|Any CPU
		{E73A9F03-4A95-47CE-88A5-161C3F7F7B5C}.Debug|Any CPU.ActiveCfg = Debug|Any CPU
		{E73A9F03-4A95-47CE-88A5-161C3F7F7B5C}.Debug|Any CPU.Build.0 = Debug|Any CPU
		{E73A9F03-4A95-47CE-88A5-161C3F7F7B5C}.Release|Any CPU.ActiveCfg = Release|Any CPU
		{E73A9F03-4A95-47CE-88A5-161C3F7F7B5C}.Release|Any CPU.Build.0 = Release|Any CPU
		{AC6F9B0C-17C2-4318-B586-461CC0DBBFCD}.Debug|Any CPU.ActiveCfg = Debug|Any CPU
		{AC6F9B0C-17C2-4318-B586-461CC0DBBFCD}.Debug|Any CPU.Build.0 = Debug|Any CPU
		{AC6F9B0C-17C2-4318-B586-461CC0DBBFCD}.Release|Any CPU.ActiveCfg = Release|Any CPU
		{AC6F9B0C-17C2-4318-B586-461CC0DBBFCD}.Release|Any CPU.Build.0 = Release|Any CPU
		{BBD9FFC0-9344-40FD-BEED-FDBEE665C187}.Debug|Any CPU.ActiveCfg = Debug|Any CPU
		{BBD9FFC0-9344-40FD-BEED-FDBEE665C187}.Debug|Any CPU.Build.0 = Debug|Any CPU
		{BBD9FFC0-9344-40FD-BEED-FDBEE665C187}.Release|Any CPU.ActiveCfg = Release|Any CPU
		{BBD9FFC0-9344-40FD-BEED-FDBEE665C187}.Release|Any CPU.Build.0 = Release|Any CPU
		{C7C059ED-620B-46D8-BEDA-4F3435B502ED}.Debug|Any CPU.ActiveCfg = Debug|Any CPU
		{C7C059ED-620B-46D8-BEDA-4F3435B502ED}.Debug|Any CPU.Build.0 = Debug|Any CPU
		{C7C059ED-620B-46D8-BEDA-4F3435B502ED}.Release|Any CPU.ActiveCfg = Release|Any CPU
		{C7C059ED-620B-46D8-BEDA-4F3435B502ED}.Release|Any CPU.Build.0 = Release|Any CPU
		{1CE35A99-0962-4C16-877D-BB4D6C30DBB5}.Debug|Any CPU.ActiveCfg = Debug|Any CPU
		{1CE35A99-0962-4C16-877D-BB4D6C30DBB5}.Debug|Any CPU.Build.0 = Debug|Any CPU
		{1CE35A99-0962-4C16-877D-BB4D6C30DBB5}.Release|Any CPU.ActiveCfg = Release|Any CPU
		{1CE35A99-0962-4C16-877D-BB4D6C30DBB5}.Release|Any CPU.Build.0 = Release|Any CPU
	EndGlobalSection
	GlobalSection(SolutionProperties) = preSolution
		HideSolutionNode = FALSE
	EndGlobalSection
	GlobalSection(NestedProjects) = preSolution
		{FCD19A58-A3E0-45E6-BA5D-6284238C9D95} = {5CBC2126-CB82-4456-9714-A7E505F9D44D}
		{DA575F57-E250-4262-8229-36A75EBE63BA} = {4E6A4058-F824-4EA9-B00B-F3F801881F0E}
		{5888DF67-C11F-4645-947E-76108649D175} = {5CBC2126-CB82-4456-9714-A7E505F9D44D}
		{FAD2C1BE-6386-416D-B696-4E52A610190E} = {4E6A4058-F824-4EA9-B00B-F3F801881F0E}
		{1855E493-52BD-4A5F-9363-8873CAD13BFB} = {4E6A4058-F824-4EA9-B00B-F3F801881F0E}
		{3BB5979C-EC2E-49FD-9B7B-F60F3CBD1F28} = {4E6A4058-F824-4EA9-B00B-F3F801881F0E}
		{5C80AA29-9CF0-46A3-9511-B870BE6A7E07} = {4E6A4058-F824-4EA9-B00B-F3F801881F0E}
		{416552E3-4954-492F-98C5-F00F465577F1} = {4E6A4058-F824-4EA9-B00B-F3F801881F0E}
		{67C41FDE-A85D-4A40-A1E0-133A25FD5866} = {4E6A4058-F824-4EA9-B00B-F3F801881F0E}
		{06084871-1B86-4494-965C-023FC16AC9A0} = {5CBC2126-CB82-4456-9714-A7E505F9D44D}
		{DF78D89D-7856-4680-8437-97590F885A30} = {3AD83376-344D-4C86-A1C9-F1324F4C0541}
		{2149C669-25B0-41C3-9861-CAC456698F78} = {3AD83376-344D-4C86-A1C9-F1324F4C0541}
		{73CF38DC-DB71-461D-BF64-B698D2EDB291} = {3AD83376-344D-4C86-A1C9-F1324F4C0541}
		{4D541A7F-83B0-47DC-8F6F-865889A72233} = {3AD83376-344D-4C86-A1C9-F1324F4C0541}
		{94CD37D8-6A7E-4027-9F6C-A26C87473C06} = {3AD83376-344D-4C86-A1C9-F1324F4C0541}
		{CBF74A96-4C58-49BF-B21C-32BD6FC4A395} = {6FFCE6C6-04DD-4035-8C54-41EB236E3CBA}
		{2D719050-9162-407D-81D1-A8D8318CD935} = {5CBC2126-CB82-4456-9714-A7E505F9D44D}
		{C4A74298-85C5-4323-89B1-C4F68AE7595C} = {3AD83376-344D-4C86-A1C9-F1324F4C0541}
		{746C5A9D-0C25-413B-B88C-7077A2E29186} = {6FFCE6C6-04DD-4035-8C54-41EB236E3CBA}
		{AE3BB503-61F4-4BD4-BD39-D742C110250D} = {6FFCE6C6-04DD-4035-8C54-41EB236E3CBA}
		{23125244-E342-493A-8A30-6C745A8558E4} = {5CBC2126-CB82-4456-9714-A7E505F9D44D}
		{4F4B39E3-07E6-4302-9286-8A491251BDA5} = {4E6A4058-F824-4EA9-B00B-F3F801881F0E}
		{00A04F06-7A30-4D02-864B-2144AFA5F7CF} = {FE760325-4B48-45DC-8C6C-B01C2E58489D}
		{087B422B-9943-46A5-906D-E601D7CFFCB3} = {6FFCE6C6-04DD-4035-8C54-41EB236E3CBA}
		{E73A9F03-4A95-47CE-88A5-161C3F7F7B5C} = {4E6A4058-F824-4EA9-B00B-F3F801881F0E}
		{AC6F9B0C-17C2-4318-B586-461CC0DBBFCD} = {3AD83376-344D-4C86-A1C9-F1324F4C0541}
		{BBD9FFC0-9344-40FD-BEED-FDBEE665C187} = {3AD83376-344D-4C86-A1C9-F1324F4C0541}
		{C7C059ED-620B-46D8-BEDA-4F3435B502ED} = {6FFCE6C6-04DD-4035-8C54-41EB236E3CBA}
		{1CE35A99-0962-4C16-877D-BB4D6C30DBB5} = {6FFCE6C6-04DD-4035-8C54-41EB236E3CBA}
	EndGlobalSection
	GlobalSection(ExtensibilityGlobals) = postSolution
		SolutionGuid = {3E31696F-3D55-4AE6-AEA3-DEA78FBC8971}
	EndGlobalSection
EndGlobal
